lockfileVersion: '6.0'

settings:
  autoInstallPeers: true
  excludeLinksFromLockfile: false

dependencies:
  get-folder-size:
    specifier: ^5.0.0
    version: 5.0.0
  rxjs:
    specifier: ^7.8.1
    version: 7.8.1

devDependencies:
  '@types/node':
    specifier: ^22.8.1
    version: 22.8.1
  typescript:
    specifier: ^5.6.3
    version: 5.6.3

packages:

  /@types/node@22.8.1:
    resolution: {integrity: sha512-k6Gi8Yyo8EtrNtkHXutUu2corfDf9su95VYVP10aGYMMROM6SAItZi0w1XszA6RtWTHSVp5OeFof37w0IEqCQg==}
    dependencies:
      undici-types: 6.19.8
    dev: true

  /get-folder-size@5.0.0:
    resolution: {integrity: sha512-+fgtvbL83tSDypEK+T411GDBQVQtxv+qtQgbV+HVa/TYubqDhNd5ghH/D6cOHY9iC5/88GtOZB7WI8PXy2A3bg==}
    engines: {node: '>=18.11.0'}
    hasBin: true
    dev: false

  /rxjs@7.8.1:
    resolution: {integrity: sha512-AA3TVj+0A2iuIoQkWEK/tqFjBq2j+6PO6Y0zJcvzLAFhEFIO3HL0vls9hWLncZbAAbK0mar7oZ4V079I/qPMxg==}
    dependencies:
      tslib: 2.8.0
    dev: false

  /tslib@2.8.0:
    resolution: {integrity: sha512-jWVzBLplnCmoaTr13V9dYbiQ99wvZRd0vNWaDRg+aVYRcjDF3nDksxFDE/+fkXnKhpnUUkmx5pK/v8mCtLVqZA==}
    dev: false

  /typescript@5.6.3:
    resolution: {integrity: sha512-hjcS1mhfuyi4WW8IWtjP7brDrG2cuDZukyrYrSauoXGNgx0S7zceP07adYkJycEr56BOUTNPzbInooiN3fn1qw==}
    engines: {node: '>=14.17'}
    hasBin: true
    dev: true

  /undici-types@6.19.8:
    resolution: {integrity: sha512-ve2KP6f/JnbPBFyobGHuerC9g1FYGn/F8n1LWTwNxCEzd6IfqTwUQcNXgEtmmQ6DlRrC1hrSrBnCZPokRrDHjw==}
    dev: true
